
Microsoft Visual Studio Solution File, Format Version 12.00
# Visual Studio Version 16
VisualStudioVersion = 16.0.32802.440
MinimumVisualStudioVersion = 10.0.40219.1
Project("{FAE04EC0-301F-11D3-BF4B-00C04F79EFBC}") = "SvnMgrApp", "SvnMgrApp\SvnMgrApp.csproj", "{ED3C2125-4722-4630-85AD-57E0092316EC}"
EndProject
Project("{FAE04EC0-301F-11D3-BF4B-00C04F79EFBC}") = "SvnMgrClient", "SvnMgrClient\SvnMgrClient.csproj", "{9E18E1B0-6C66-4344-A780-DB8010024B3A}"
EndProject
Project("{FAE04EC0-301F-11D3-BF4B-00C04F79EFBC}") = "PassWordDecode", "PassWordDecode\PassWordDecode.csproj", "{953D8807-5E80-4A1E-9192-8F8A0C85FB2B}"
EndProject
Project("{FAE04EC0-301F-11D3-BF4B-00C04F79EFBC}") = "SvnMgrClientTests", "SvnMgrClientTests\SvnMgrClientTests.csproj", "{C53B1735-B933-4111-BB13-FD0217A7CA12}"
EndProject
Global
	GlobalSection(SolutionConfigurationPlatforms) = preSolution
		Debug|Any CPU = Debug|Any CPU
		Release|Any CPU = Release|Any CPU
	EndGlobalSection
	GlobalSection(ProjectConfigurationPlatforms) = postSolution
		{ED3C2125-4722-4630-85AD-57E0092316EC}.Debug|Any CPU.ActiveCfg = Debug|Any CPU
		{ED3C2125-4722-4630-85AD-57E0092316EC}.Debug|Any CPU.Build.0 = Debug|Any CPU
		{ED3C2125-4722-4630-85AD-57E0092316EC}.Release|Any CPU.ActiveCfg = Release|Any CPU
		{ED3C2125-4722-4630-85AD-57E0092316EC}.Release|Any CPU.Build.0 = Release|Any CPU
		{9E18E1B0-6C66-4344-A780-DB8010024B3A}.Debug|Any CPU.ActiveCfg = Debug|Any CPU
		{9E18E1B0-6C66-4344-A780-DB8010024B3A}.Debug|Any CPU.Build.0 = Debug|Any CPU
		{9E18E1B0-6C66-4344-A780-DB8010024B3A}.Release|Any CPU.ActiveCfg = Release|Any CPU
		{9E18E1B0-6C66-4344-A780-DB8010024B3A}.Release|Any CPU.Build.0 = Release|Any CPU
		{953D8807-5E80-4A1E-9192-8F8A0C85FB2B}.Debug|Any CPU.ActiveCfg = Debug|Any CPU
		{953D8807-5E80-4A1E-9192-8F8A0C85FB2B}.Debug|Any CPU.Build.0 = Debug|Any CPU
		{953D8807-5E80-4A1E-9192-8F8A0C85FB2B}.Release|Any CPU.ActiveCfg = Release|Any CPU
		{953D8807-5E80-4A1E-9192-8F8A0C85FB2B}.Release|Any CPU.Build.0 = Release|Any CPU
		{C53B1735-B933-4111-BB13-FD0217A7CA12}.Debug|Any CPU.ActiveCfg = Debug|Any CPU
		{C53B1735-B933-4111-BB13-FD0217A7CA12}.Debug|Any CPU.Build.0 = Debug|Any CPU
		{C53B1735-B933-4111-BB13-FD0217A7CA12}.Release|Any CPU.ActiveCfg = Release|Any CPU
		{C53B1735-B933-4111-BB13-FD0217A7CA12}.Release|Any CPU.Build.0 = Release|Any CPU
	EndGlobalSection
	GlobalSection(SolutionProperties) = preSolution
		HideSolutionNode = FALSE
	EndGlobalSection
	GlobalSection(ExtensibilityGlobals) = postSolution
		SolutionGuid = {C44785CC-B3E9-4B76-A35E-C1382CC455BB}
	EndGlobalSection
EndGlobal
